
Microsoft Visual Studio Solution File, Format Version 12.00
# Visual Studio Version 17
VisualStudioVersion = 17.14.36414.22 d17.14
MinimumVisualStudioVersion = 10.0.40219.1
Project("{FAE04EC0-301F-11D3-BF4B-00C04F79EFBC}") = "MethodCallIfAndElse", "MethodCallIfAndElse\MethodCallIfAndElse.csproj", "{79CE44CC-A607-4C8A-A321-BD546B6DBB6B}"
EndProject
Global
	GlobalSection(SolutionConfigurationPlatforms) = preSolution
		Debug|Any CPU = Debug|Any CPU
		Release|Any CPU = Release|Any CPU
	EndGlobalSection
	GlobalSection(ProjectConfigurationPlatforms) = postSolution
		{79CE44CC-A607-4C8A-A321-BD546B6DBB6B}.Debug|Any CPU.ActiveCfg = Debug|Any CPU
		{79CE44CC-A607-4C8A-A321-BD546B6DBB6B}.Debug|Any CPU.Build.0 = Debug|Any CPU
		{79CE44CC-A607-4C8A-A321-BD546B6DBB6B}.Release|Any CPU.ActiveCfg = Release|Any CPU
		{79CE44CC-A607-4C8A-A321-BD546B6DBB6B}.Release|Any CPU.Build.0 = Release|Any CPU
	EndGlobalSection
	GlobalSection(SolutionProperties) = preSolution
		HideSolutionNode = FALSE
	EndGlobalSection
	GlobalSection(ExtensibilityGlobals) = postSolution
		SolutionGuid = {F57BCD86-4CFE-4122-97FF-0035DA1E0259}
	EndGlobalSection
EndGlobal
