
Microsoft Visual Studio Solution File, Format Version 12.00
# Visual Studio Version 17
VisualStudioVersion = 17.14.36414.22 d17.14
MinimumVisualStudioVersion = 10.0.40219.1
Project("{FAE04EC0-301F-11D3-BF4B-00C04F79EFBC}") = "ForLoopPyramid", "ForLoopPyramid\ForLoopPyramid.csproj", "{C83AAC46-50F8-456F-B3EA-E0953B143242}"
EndProject
Global
	GlobalSection(SolutionConfigurationPlatforms) = preSolution
		Debug|Any CPU = Debug|Any CPU
		Release|Any CPU = Release|Any CPU
	EndGlobalSection
	GlobalSection(ProjectConfigurationPlatforms) = postSolution
		{C83AAC46-50F8-456F-B3EA-E0953B143242}.Debug|Any CPU.ActiveCfg = Debug|Any CPU
		{C83AAC46-50F8-456F-B3EA-E0953B143242}.Debug|Any CPU.Build.0 = Debug|Any CPU
		{C83AAC46-50F8-456F-B3EA-E0953B143242}.Release|Any CPU.ActiveCfg = Release|Any CPU
		{C83AAC46-50F8-456F-B3EA-E0953B143242}.Release|Any CPU.Build.0 = Release|Any CPU
	EndGlobalSection
	GlobalSection(SolutionProperties) = preSolution
		HideSolutionNode = FALSE
	EndGlobalSection
	GlobalSection(ExtensibilityGlobals) = postSolution
		SolutionGuid = {1334959A-A99F-49D3-B437-6EEA0D2FF3F5}
	EndGlobalSection
EndGlobal
