
Microsoft Visual Studio Solution File, Format Version 12.00
# Visual Studio Version 17
VisualStudioVersion = 17.14.36414.22 d17.14
MinimumVisualStudioVersion = 10.0.40219.1
Project("{FAE04EC0-301F-11D3-BF4B-00C04F79EFBC}") = "SwitchNumbers", "SwitchNumbers\SwitchNumbers.csproj", "{A5550377-F082-4135-A3D8-EEECCD6ED69F}"
EndProject
Global
	GlobalSection(SolutionConfigurationPlatforms) = preSolution
		Debug|Any CPU = Debug|Any CPU
		Release|Any CPU = Release|Any CPU
	EndGlobalSection
	GlobalSection(ProjectConfigurationPlatforms) = postSolution
		{A5550377-F082-4135-A3D8-EEECCD6ED69F}.Debug|Any CPU.ActiveCfg = Debug|Any CPU
		{A5550377-F082-4135-A3D8-EEECCD6ED69F}.Debug|Any CPU.Build.0 = Debug|Any CPU
		{A5550377-F082-4135-A3D8-EEECCD6ED69F}.Release|Any CPU.ActiveCfg = Release|Any CPU
		{A5550377-F082-4135-A3D8-EEECCD6ED69F}.Release|Any CPU.Build.0 = Release|Any CPU
	EndGlobalSection
	GlobalSection(SolutionProperties) = preSolution
		HideSolutionNode = FALSE
	EndGlobalSection
	GlobalSection(ExtensibilityGlobals) = postSolution
		SolutionGuid = {5817E6CC-73DD-4B96-A7AA-9463C01E1400}
	EndGlobalSection
EndGlobal
