
Microsoft Visual Studio Solution File, Format Version 12.00
# Visual Studio Version 17
VisualStudioVersion = 17.14.36414.22 d17.14
MinimumVisualStudioVersion = 10.0.40219.1
Project("{FAE04EC0-301F-11D3-BF4B-00C04F79EFBC}") = "QuadraticFormulaRuutvõrrand", "QuadraticFormulaRuutvõrrand\QuadraticFormulaRuutvõrrand.csproj", "{37BB7BE7-1CF0-40E6-BDC1-B955AFA57C2B}"
EndProject
Global
	GlobalSection(SolutionConfigurationPlatforms) = preSolution
		Debug|Any CPU = Debug|Any CPU
		Release|Any CPU = Release|Any CPU
	EndGlobalSection
	GlobalSection(ProjectConfigurationPlatforms) = postSolution
		{37BB7BE7-1CF0-40E6-BDC1-B955AFA57C2B}.Debug|Any CPU.ActiveCfg = Debug|Any CPU
		{37BB7BE7-1CF0-40E6-BDC1-B955AFA57C2B}.Debug|Any CPU.Build.0 = Debug|Any CPU
		{37BB7BE7-1CF0-40E6-BDC1-B955AFA57C2B}.Release|Any CPU.ActiveCfg = Release|Any CPU
		{37BB7BE7-1CF0-40E6-BDC1-B955AFA57C2B}.Release|Any CPU.Build.0 = Release|Any CPU
	EndGlobalSection
	GlobalSection(SolutionProperties) = preSolution
		HideSolutionNode = FALSE
	EndGlobalSection
	GlobalSection(ExtensibilityGlobals) = postSolution
		SolutionGuid = {4395D779-06E7-4C5D-B931-F69F39472BEB}
	EndGlobalSection
EndGlobal
