
Microsoft Visual Studio Solution File, Format Version 12.00
# Visual Studio Version 17
VisualStudioVersion = 17.14.36414.22 d17.14
MinimumVisualStudioVersion = 10.0.40219.1
Project("{FAE04EC0-301F-11D3-BF4B-00C04F79EFBC}") = "ForLoopEndless", "ForLoopEndless\ForLoopEndless.csproj", "{9F41A272-BAE8-4F84-9E0D-B9671D26FD5E}"
EndProject
Global
	GlobalSection(SolutionConfigurationPlatforms) = preSolution
		Debug|Any CPU = Debug|Any CPU
		Release|Any CPU = Release|Any CPU
	EndGlobalSection
	GlobalSection(ProjectConfigurationPlatforms) = postSolution
		{9F41A272-BAE8-4F84-9E0D-B9671D26FD5E}.Debug|Any CPU.ActiveCfg = Debug|Any CPU
		{9F41A272-BAE8-4F84-9E0D-B9671D26FD5E}.Debug|Any CPU.Build.0 = Debug|Any CPU
		{9F41A272-BAE8-4F84-9E0D-B9671D26FD5E}.Release|Any CPU.ActiveCfg = Release|Any CPU
		{9F41A272-BAE8-4F84-9E0D-B9671D26FD5E}.Release|Any CPU.Build.0 = Release|Any CPU
	EndGlobalSection
	GlobalSection(SolutionProperties) = preSolution
		HideSolutionNode = FALSE
	EndGlobalSection
	GlobalSection(ExtensibilityGlobals) = postSolution
		SolutionGuid = {300E439F-E362-41DA-9B01-A69BDAA9050B}
	EndGlobalSection
EndGlobal
