
Microsoft Visual Studio Solution File, Format Version 12.00
# Visual Studio Version 17
VisualStudioVersion = 17.14.36414.22 d17.14
MinimumVisualStudioVersion = 10.0.40219.1
Project("{FAE04EC0-301F-11D3-BF4B-00C04F79EFBC}") = "ComputerCalcLogic", "ComputerCalcLogic\ComputerCalcLogic.csproj", "{A99C5EDC-9439-4FDD-8B49-52B05A3E6ADB}"
EndProject
Global
	GlobalSection(SolutionConfigurationPlatforms) = preSolution
		Debug|Any CPU = Debug|Any CPU
		Release|Any CPU = Release|Any CPU
	EndGlobalSection
	GlobalSection(ProjectConfigurationPlatforms) = postSolution
		{A99C5EDC-9439-4FDD-8B49-52B05A3E6ADB}.Debug|Any CPU.ActiveCfg = Debug|Any CPU
		{A99C5EDC-9439-4FDD-8B49-52B05A3E6ADB}.Debug|Any CPU.Build.0 = Debug|Any CPU
		{A99C5EDC-9439-4FDD-8B49-52B05A3E6ADB}.Release|Any CPU.ActiveCfg = Release|Any CPU
		{A99C5EDC-9439-4FDD-8B49-52B05A3E6ADB}.Release|Any CPU.Build.0 = Release|Any CPU
	EndGlobalSection
	GlobalSection(SolutionProperties) = preSolution
		HideSolutionNode = FALSE
	EndGlobalSection
	GlobalSection(ExtensibilityGlobals) = postSolution
		SolutionGuid = {ABF1F7E2-BA27-4777-A8BE-A0C0A984DCC0}
	EndGlobalSection
EndGlobal
