
Microsoft Visual Studio Solution File, Format Version 12.00
# Visual Studio Version 17
VisualStudioVersion = 17.14.36414.22 d17.14
MinimumVisualStudioVersion = 10.0.40219.1
Project("{FAE04EC0-301F-11D3-BF4B-00C04F79EFBC}") = "VigadeParandus", "VigadeParandus\VigadeParandus.csproj", "{DE9395D1-6106-47B3-BE18-E077BA90E4E3}"
EndProject
Global
	GlobalSection(SolutionConfigurationPlatforms) = preSolution
		Debug|Any CPU = Debug|Any CPU
		Release|Any CPU = Release|Any CPU
	EndGlobalSection
	GlobalSection(ProjectConfigurationPlatforms) = postSolution
		{DE9395D1-6106-47B3-BE18-E077BA90E4E3}.Debug|Any CPU.ActiveCfg = Debug|Any CPU
		{DE9395D1-6106-47B3-BE18-E077BA90E4E3}.Debug|Any CPU.Build.0 = Debug|Any CPU
		{DE9395D1-6106-47B3-BE18-E077BA90E4E3}.Release|Any CPU.ActiveCfg = Release|Any CPU
		{DE9395D1-6106-47B3-BE18-E077BA90E4E3}.Release|Any CPU.Build.0 = Release|Any CPU
	EndGlobalSection
	GlobalSection(SolutionProperties) = preSolution
		HideSolutionNode = FALSE
	EndGlobalSection
	GlobalSection(ExtensibilityGlobals) = postSolution
		SolutionGuid = {F091ACBA-1F40-470E-933B-F19C16A702A9}
	EndGlobalSection
EndGlobal
