
Microsoft Visual Studio Solution File, Format Version 12.00
# Visual Studio Version 17
VisualStudioVersion = 17.14.36414.22 d17.14
MinimumVisualStudioVersion = 10.0.40219.1
Project("{FAE04EC0-301F-11D3-BF4B-00C04F79EFBC}") = "DigitalClock", "DigitalClock\DigitalClock.csproj", "{199E01CA-0ACB-4118-82BB-32B763907442}"
EndProject
Global
	GlobalSection(SolutionConfigurationPlatforms) = preSolution
		Debug|Any CPU = Debug|Any CPU
		Release|Any CPU = Release|Any CPU
	EndGlobalSection
	GlobalSection(ProjectConfigurationPlatforms) = postSolution
		{199E01CA-0ACB-4118-82BB-32B763907442}.Debug|Any CPU.ActiveCfg = Debug|Any CPU
		{199E01CA-0ACB-4118-82BB-32B763907442}.Debug|Any CPU.Build.0 = Debug|Any CPU
		{199E01CA-0ACB-4118-82BB-32B763907442}.Release|Any CPU.ActiveCfg = Release|Any CPU
		{199E01CA-0ACB-4118-82BB-32B763907442}.Release|Any CPU.Build.0 = Release|Any CPU
	EndGlobalSection
	GlobalSection(SolutionProperties) = preSolution
		HideSolutionNode = FALSE
	EndGlobalSection
	GlobalSection(ExtensibilityGlobals) = postSolution
		SolutionGuid = {1AA806BA-BB33-45E0-87B1-E89F49A15151}
	EndGlobalSection
EndGlobal
