
Microsoft Visual Studio Solution File, Format Version 12.00
# Visual Studio Version 17
VisualStudioVersion = 17.14.36414.22 d17.14
MinimumVisualStudioVersion = 10.0.40219.1
Project("{FAE04EC0-301F-11D3-BF4B-00C04F79EFBC}") = "SwitchRandomNumbers", "SwitchRandomNumbers\SwitchRandomNumbers.csproj", "{6C6FE353-947E-4B0C-8946-D1390BC67190}"
EndProject
Global
	GlobalSection(SolutionConfigurationPlatforms) = preSolution
		Debug|Any CPU = Debug|Any CPU
		Release|Any CPU = Release|Any CPU
	EndGlobalSection
	GlobalSection(ProjectConfigurationPlatforms) = postSolution
		{6C6FE353-947E-4B0C-8946-D1390BC67190}.Debug|Any CPU.ActiveCfg = Debug|Any CPU
		{6C6FE353-947E-4B0C-8946-D1390BC67190}.Debug|Any CPU.Build.0 = Debug|Any CPU
		{6C6FE353-947E-4B0C-8946-D1390BC67190}.Release|Any CPU.ActiveCfg = Release|Any CPU
		{6C6FE353-947E-4B0C-8946-D1390BC67190}.Release|Any CPU.Build.0 = Release|Any CPU
	EndGlobalSection
	GlobalSection(SolutionProperties) = preSolution
		HideSolutionNode = FALSE
	EndGlobalSection
	GlobalSection(ExtensibilityGlobals) = postSolution
		SolutionGuid = {A66FCB0B-EE9A-4C5E-B08E-D535B5D1613A}
	EndGlobalSection
EndGlobal
