
Microsoft Visual Studio Solution File, Format Version 12.00
# Visual Studio Version 17
VisualStudioVersion = 17.14.36414.22 d17.14
MinimumVisualStudioVersion = 10.0.40219.1
Project("{FAE04EC0-301F-11D3-BF4B-00C04F79EFBC}") = "MultipleSwitch", "MultipleSwitch\MultipleSwitch.csproj", "{FD3AEEC6-B75B-4053-8F7C-0766F46A844A}"
EndProject
Global
	GlobalSection(SolutionConfigurationPlatforms) = preSolution
		Debug|Any CPU = Debug|Any CPU
		Release|Any CPU = Release|Any CPU
	EndGlobalSection
	GlobalSection(ProjectConfigurationPlatforms) = postSolution
		{FD3AEEC6-B75B-4053-8F7C-0766F46A844A}.Debug|Any CPU.ActiveCfg = Debug|Any CPU
		{FD3AEEC6-B75B-4053-8F7C-0766F46A844A}.Debug|Any CPU.Build.0 = Debug|Any CPU
		{FD3AEEC6-B75B-4053-8F7C-0766F46A844A}.Release|Any CPU.ActiveCfg = Release|Any CPU
		{FD3AEEC6-B75B-4053-8F7C-0766F46A844A}.Release|Any CPU.Build.0 = Release|Any CPU
	EndGlobalSection
	GlobalSection(SolutionProperties) = preSolution
		HideSolutionNode = FALSE
	EndGlobalSection
	GlobalSection(ExtensibilityGlobals) = postSolution
		SolutionGuid = {AB918540-1D27-44D9-BC99-1C721F47E1FF}
	EndGlobalSection
EndGlobal
