
Microsoft Visual Studio Solution File, Format Version 12.00
# Visual Studio Version 17
VisualStudioVersion = 17.14.36414.22 d17.14
MinimumVisualStudioVersion = 10.0.40219.1
Project("{FAE04EC0-301F-11D3-BF4B-00C04F79EFBC}") = "SwitchMethodCall", "SwitchMethodCall\SwitchMethodCall.csproj", "{AB29F723-11B3-49D4-9310-522C8537256C}"
EndProject
Global
	GlobalSection(SolutionConfigurationPlatforms) = preSolution
		Debug|Any CPU = Debug|Any CPU
		Release|Any CPU = Release|Any CPU
	EndGlobalSection
	GlobalSection(ProjectConfigurationPlatforms) = postSolution
		{AB29F723-11B3-49D4-9310-522C8537256C}.Debug|Any CPU.ActiveCfg = Debug|Any CPU
		{AB29F723-11B3-49D4-9310-522C8537256C}.Debug|Any CPU.Build.0 = Debug|Any CPU
		{AB29F723-11B3-49D4-9310-522C8537256C}.Release|Any CPU.ActiveCfg = Release|Any CPU
		{AB29F723-11B3-49D4-9310-522C8537256C}.Release|Any CPU.Build.0 = Release|Any CPU
	EndGlobalSection
	GlobalSection(SolutionProperties) = preSolution
		HideSolutionNode = FALSE
	EndGlobalSection
	GlobalSection(ExtensibilityGlobals) = postSolution
		SolutionGuid = {915D933C-F5FF-4576-8EF6-20F74FA6B6C3}
	EndGlobalSection
EndGlobal
